
Microsoft Visual Studio Solution File, Format Version 12.00
# Visual Studio Version 16
VisualStudioVersion = 16.0.28803.352
MinimumVisualStudioVersion = 10.0.40219.1
Project("{E24C65DC-7377-472B-9ABA-BC803B73C61A}") = "Kirkbi.Capitalofchildren.Web", "Kirkbi.Capitalofchildren.Web\", "{2840CF07-44C3-4136-B3D5-91E6A212B984}"
	ProjectSection(WebsiteProperties) = preProject
		TargetFrameworkMoniker = ".NETFramework,Version%3Dv4.7.2"
		Debug.AspNetCompiler.VirtualPath = "/localhost_5512"
		Debug.AspNetCompiler.PhysicalPath = "Kirkbi.Capitalofchildren.Web\"
		Debug.AspNetCompiler.TargetPath = "PrecompiledWeb\localhost_5512\"
		Debug.AspNetCompiler.Updateable = "true"
		Debug.AspNetCompiler.ForceOverwrite = "true"
		Debug.AspNetCompiler.FixedNames = "false"
		Debug.AspNetCompiler.Debug = "True"
		Release.AspNetCompiler.VirtualPath = "/localhost_5512"
		Release.AspNetCompiler.PhysicalPath = "Kirkbi.Capitalofchildren.Web\"
		Release.AspNetCompiler.TargetPath = "PrecompiledWeb\localhost_5512\"
		Release.AspNetCompiler.Updateable = "true"
		Release.AspNetCompiler.ForceOverwrite = "true"
		Release.AspNetCompiler.FixedNames = "false"
		Release.AspNetCompiler.Debug = "False"
		VWDPort = "5512"
		SlnRelativePath = "Kirkbi.Capitalofchildren.Web\"
		DefaultWebSiteLanguage = "Visual C#"
	EndProjectSection
	ProjectSection(ProjectDependencies) = postProject
		{19E5E6ED-586B-4624-9C5B-8FF620223567} = {19E5E6ED-586B-4624-9C5B-8FF620223567}
	EndProjectSection
EndProject
Project("{9A19103F-16F7-4668-BE54-9A1E7A4F7556}") = "Kirkbi.Capitalofchildren.Core", "Kirkbi.Capitalofchildren.Core\Kirkbi.Capitalofchildren.Core.csproj", "{19E5E6ED-586B-4624-9C5B-8FF620223567}"
EndProject
Project("{FAE04EC0-301F-11D3-BF4B-00C04F79EFBC}") = "Gorm.Agency.Baseline.Frontend", "Kirkbi.COC.Capitalofchildren.frontend\Gorm.Agency.Baseline.Frontend\Gorm.Agency.Baseline.Frontend.csproj", "{6D341AEB-5D6E-4F66-94D4-2C90E131B651}"
EndProject
Global
	GlobalSection(SolutionConfigurationPlatforms) = preSolution
		Debug|Any CPU = Debug|Any CPU
		Release|Any CPU = Release|Any CPU
	EndGlobalSection
	GlobalSection(ProjectConfigurationPlatforms) = postSolution
		{2840CF07-44C3-4136-B3D5-91E6A212B984}.Debug|Any CPU.ActiveCfg = Debug|Any CPU
		{2840CF07-44C3-4136-B3D5-91E6A212B984}.Release|Any CPU.ActiveCfg = Debug|Any CPU
		{19E5E6ED-586B-4624-9C5B-8FF620223567}.Debug|Any CPU.ActiveCfg = Debug|Any CPU
		{19E5E6ED-586B-4624-9C5B-8FF620223567}.Debug|Any CPU.Build.0 = Debug|Any CPU
		{19E5E6ED-586B-4624-9C5B-8FF620223567}.Release|Any CPU.ActiveCfg = Release|Any CPU
		{19E5E6ED-586B-4624-9C5B-8FF620223567}.Release|Any CPU.Build.0 = Release|Any CPU
		{6D341AEB-5D6E-4F66-94D4-2C90E131B651}.Debug|Any CPU.ActiveCfg = Debug|Any CPU
		{6D341AEB-5D6E-4F66-94D4-2C90E131B651}.Debug|Any CPU.Build.0 = Debug|Any CPU
		{6D341AEB-5D6E-4F66-94D4-2C90E131B651}.Release|Any CPU.ActiveCfg = Release|Any CPU
		{6D341AEB-5D6E-4F66-94D4-2C90E131B651}.Release|Any CPU.Build.0 = Release|Any CPU
	EndGlobalSection
	GlobalSection(SolutionProperties) = preSolution
		HideSolutionNode = FALSE
	EndGlobalSection
	GlobalSection(ExtensibilityGlobals) = postSolution
		SolutionGuid = {33D81CDD-9D23-44D4-9D18-6730B424B4B5}
	EndGlobalSection
EndGlobal
