Microsoft Visual Studio Solution File, Format Version 12.00
# Visual Studio 14
VisualStudioVersion = 14.0.24720.0
MinimumVisualStudioVersion = 10.0.40219.1
Project("{E24C65DC-7377-472B-9ABA-BC803B73C61A}") = "Kirkbi.Capitalofchildren.Web", "Kirkbi.Capitalofchildren.Web\", "{2840CF07-44C3-4136-B3D5-91E6A212B984}"
	ProjectSection(WebsiteProperties) = preProject
		TargetFrameworkMoniker = ".NETFramework,Version%3Dv4.7.2"
		Debug.AspNetCompiler.VirtualPath = "/localhost_5512"
		Debug.AspNetCompiler.PhysicalPath = "Kirkbi.Capitalofchildren.Web\"
		Debug.AspNetCompiler.TargetPath = "PrecompiledWeb\localhost_5512\"
		Debug.AspNetCompiler.Updateable = "true"
		Debug.AspNetCompiler.ForceOverwrite = "true"
		Debug.AspNetCompiler.FixedNames = "false"
		Debug.AspNetCompiler.Debug = "True"
		Release.AspNetCompiler.VirtualPath = "/localhost_5512"
		Release.AspNetCompiler.PhysicalPath = "Kirkbi.Capitalofchildren.Web\"
		Release.AspNetCompiler.TargetPath = "PrecompiledWeb\localhost_5512\"
		Release.AspNetCompiler.Updateable = "true"
		Release.AspNetCompiler.ForceOverwrite = "true"
		Release.AspNetCompiler.FixedNames = "false"
		Release.AspNetCompiler.Debug = "False"
		VWDPort = "5512"
	SlnRelativePath = "Kirkbi.Capitalofchildren.Web\"
		DefaultWebSiteLanguage = "Visual C#"
	EndProjectSection
	ProjectSection(ProjectDependencies) = postProject
		{19E5E6ED-586B-4624-9C5B-8FF620223567} = {19E5E6ED-586B-4624-9C5B-8FF620223567}
	EndProjectSection	
EndProject
Project("{FAE04EC0-301F-11D3-BF4B-00C04F79EFBC}") = "Kirkbi.Capitalofchildren.Core", "Kirkbi.Capitalofchildren.Core\Kirkbi.Capitalofchildren.Core.csproj", "{19E5E6ED-586B-4624-9C5B-8FF620223567}"
EndProject
Global
	GlobalSection(SolutionConfigurationPlatforms) = preSolution
		Debug|Any CPU = Debug|Any CPU
	Release|Any CPU = Release|Any CPU
	EndGlobalSection
	GlobalSection(ProjectConfigurationPlatforms) = postSolution
	{2840CF07-44C3-4136-B3D5-91E6A212B984}.Debug|Any CPU.ActiveCfg = Debug|Any CPU
	{2840CF07-44C3-4136-B3D5-91E6A212B984}.Release|Any CPU.ActiveCfg = Debug|Any CPU
	{19E5E6ED-586B-4624-9C5B-8FF620223567}.Debug|Any CPU.ActiveCfg = Debug|Any CPU
	{19E5E6ED-586B-4624-9C5B-8FF620223567}.Debug|Any CPU.Build.0 = Debug|Any CPU
	{19E5E6ED-586B-4624-9C5B-8FF620223567}.Release|Any CPU.ActiveCfg = Release|Any CPU
	{19E5E6ED-586B-4624-9C5B-8FF620223567}.Release|Any CPU.Build.0 = Release|Any CPU
	EndGlobalSection
	GlobalSection(SolutionProperties) = preSolution
		HideSolutionNode = FALSE
	EndGlobalSection
EndGlobal